github.com/BurntSushi/toml v0.3.1 h1:WXkYYl6Yr3qBf1K79EBnL4mak0OimBfB0XUf9Vl28OQ=
github.com/BurntSushi/toml v0.3.1/go.mod h1:xHWCNGjB5oqiDr8zfno3MHue2Ht5sIBksp03qcyfWMU=
github.com/cespare/hutil v0.1.0 h1:jk0t0JFJwnfWiLpHt601OYTZgQxsXDk8a3+5SNvfBL4=
github.com/cespare/hutil v0.1.0/go.mod h1:+HkWBMI2fhinEu3LedD6gV0IRw3WmmHM6lf03a5QqfY=
